
Microsoft Visual Studio Solution File, Format Version 11.00
# Visual Studio 2010
Project("{FAE04EC0-301F-11D3-BF4B-00C04F79EFBC}") = "ASPInicial01", "ASPInicial01\ASPInicial01.csproj", "{7827687C-2082-408E-9ADD-E4C06D7DDFF7}"
EndProject
Global
	GlobalSection(SolutionConfigurationPlatforms) = preSolution
		Debug|Any CPU = Debug|Any CPU
		Release|Any CPU = Release|Any CPU
	EndGlobalSection
	GlobalSection(ProjectConfigurationPlatforms) = postSolution
		{7827687C-2082-408E-9ADD-E4C06D7DDFF7}.Debug|Any CPU.ActiveCfg = Debug|Any CPU
		{7827687C-2082-408E-9ADD-E4C06D7DDFF7}.Debug|Any CPU.Build.0 = Debug|Any CPU
		{7827687C-2082-408E-9ADD-E4C06D7DDFF7}.Release|Any CPU.ActiveCfg = Release|Any CPU
		{7827687C-2082-408E-9ADD-E4C06D7DDFF7}.Release|Any CPU.Build.0 = Release|Any CPU
	EndGlobalSection
	GlobalSection(SolutionProperties) = preSolution
		HideSolutionNode = FALSE
	EndGlobalSection
EndGlobal
